{
    "_readme": [
        "This file locks the dependencies of your project to a known state",
        "Read more about it at https://getcomposer.org/doc/01-basic-usage.md#installing-dependencies",
        "This file is @generated automatically"
    ],
    "content-hash": "874dea09e7a8ff500f5e1e723a72bb5f",
    "packages": [
        {
            "name": "drupal/core-render",
            "version": "8.6.1",
            "source": {
                "type": "git",
                "url": "https://github.com/drupal/core-render.git",
                "reference": "088f75280b4357930dc5136c5323cc1641772514"
            },
            "dist": {
                "type": "zip",
                "url": "https://api.github.com/repos/drupal/core-render/zipball/088f75280b4357930dc5136c5323cc1641772514",
                "reference": "088f75280b4357930dc5136c5323cc1641772514",
                "shasum": ""
            },
            "require": {
                "drupal/core-utility": "^8.2",
                "php": ">=5.5.9"
            },
            "type": "library",
            "autoload": {
                "psr-4": {
                    "Drupal\\Component\\Render\\": ""
                }
            },
            "notification-url": "https://packagist.org/downloads/",
            "license": [
                "GPL-2.0-or-later"
            ],
            "description": "Renders placeholder variables for HTML and plain-text display.",
            "homepage": "https://www.drupal.org/project/drupal",
            "keywords": [
                "drupal"
            ],
            "time": "2018-05-08T20:55:21+00:00"
        },
        {
            "name": "drupal/core-utility",
            "version": "8.6.1",
            "source": {
                "type": "git",
                "url": "https://github.com/drupal/core-utility.git",
                "reference": "490bbe8248aa88468674aa8a9ef216a1a388ea3a"
            },
            "dist": {
                "type": "zip",
                "url": "https://api.github.com/repos/drupal/core-utility/zipball/490bbe8248aa88468674aa8a9ef216a1a388ea3a",
                "reference": "490bbe8248aa88468674aa8a9ef216a1a388ea3a",
                "shasum": ""
            },
            "require": {
                "drupal/core-render": "^8.2",
                "paragonie/random_compat": "^1.0|^2.0",
                "php": ">=5.5.9",
                "symfony/polyfill-iconv": "~1.0",
                "symfony/polyfill-mbstring": "~1.0"
            },
            "type": "library",
            "autoload": {
                "psr-4": {
                    "Drupal\\Component\\Utility\\": ""
                }
            },
            "notification-url": "https://packagist.org/downloads/",
            "license": [
                "GPL-2.0-or-later"
            ],
            "description": "Mostly static utility classes for string, xss, array, image, and other commonly needed manipulations.",
            "homepage": "https://www.drupal.org/project/drupal",
            "keywords": [
                "drupal"
            ],
            "time": "2018-05-11T09:46:46+00:00"
        },
        {
            "name": "drupal/drupal-driver",
            "version": "v1.4.0",
            "source": {
                "type": "git",
                "url": "https://github.com/jhedstrom/DrupalDriver.git",
                "reference": "919c6a39ef6a17bdcaf81dcff97b117ecfb6061c"
            },
            "dist": {
                "type": "zip",
                "url": "https://api.github.com/repos/jhedstrom/DrupalDriver/zipball/919c6a39ef6a17bdcaf81dcff97b117ecfb6061c",
                "reference": "919c6a39ef6a17bdcaf81dcff97b117ecfb6061c",
                "shasum": ""
            },
            "require": {
                "drupal/core-utility": "^8.4",
                "php": ">=5.5.9",
                "symfony/dependency-injection": "~2.6|~3.0",
                "symfony/process": "~2.5|~3.0"
            },
            "require-dev": {
                "drupal/coder": "~8.2.0",
                "drush-ops/behat-drush-endpoint": "*",
                "jakub-onderka/php-parallel-lint": "^0.9.2",
                "mockery/mockery": "0.9.4",
                "phpspec/phpspec": "~2.0",
                "phpunit/phpunit": "~4.0"
            },
            "type": "library",
            "extra": {
                "branch-alias": {
                    "dev-master": "1.2.x-dev"
                }
            },
            "autoload": {
                "psr-0": {
                    "Drupal\\Driver": "src/",
                    "Drupal\\Tests\\Driver": "tests/"
                }
            },
            "notification-url": "https://packagist.org/downloads/",
            "license": [
                "GPL-2.0-or-later"
            ],
            "authors": [
                {
                    "name": "Jonathan Hedstrom",
                    "email": "jhedstrom@gmail.com"
                }
            ],
            "description": "A collection of reusable Drupal drivers",
            "homepage": "http://github.com/jhedstrom/DrupalDriver",
            "keywords": [
                "drupal",
                "test",
                "web"
            ],
            "time": "2018-02-09T18:02:28+00:00"
        },
        {
            "name": "paragonie/random_compat",
            "version": "v2.0.17",
            "source": {
                "type": "git",
                "url": "https://github.com/paragonie/random_compat.git",
                "reference": "29af24f25bab834fcbb38ad2a69fa93b867e070d"
            },
            "dist": {
                "type": "zip",
                "url": "https://api.github.com/repos/paragonie/random_compat/zipball/29af24f25bab834fcbb38ad2a69fa93b867e070d",
                "reference": "29af24f25bab834fcbb38ad2a69fa93b867e070d",
                "shasum": ""
            },
            "require": {
                "php": ">=5.2.0"
            },
            "require-dev": {
                "phpunit/phpunit": "4.*|5.*"
            },
            "suggest": {
                "ext-libsodium": "Provides a modern crypto API that can be used to generate random bytes."
            },
            "type": "library",
            "autoload": {
                "files": [
                    "lib/random.php"
                ]
            },
            "notification-url": "https://packagist.org/downloads/",
            "license": [
                "MIT"
            ],
            "authors": [
                {
                    "name": "Paragon Initiative Enterprises",
                    "email": "security@paragonie.com",
                    "homepage": "https://paragonie.com"
                }
            ],
            "description": "PHP 5.x polyfill for random_bytes() and random_int() from PHP 7",
            "keywords": [
                "csprng",
                "polyfill",
                "pseudorandom",
                "random"
            ],
            "time": "2018-07-04T16:31:37+00:00"
        },
        {
            "name": "psr/container",
            "version": "1.0.0",
            "source": {
                "type": "git",
                "url": "https://github.com/php-fig/container.git",
                "reference": "b7ce3b176482dbbc1245ebf52b181af44c2cf55f"
            },
            "dist": {
                "type": "zip",
                "url": "https://api.github.com/repos/php-fig/container/zipball/b7ce3b176482dbbc1245ebf52b181af44c2cf55f",
                "reference": "b7ce3b176482dbbc1245ebf52b181af44c2cf55f",
                "shasum": ""
            },
            "require": {
                "php": ">=5.3.0"
            },
            "type": "library",
            "extra": {
                "branch-alias": {
                    "dev-master": "1.0.x-dev"
                }
            },
            "autoload": {
                "psr-4": {
                    "Psr\\Container\\": "src/"
                }
            },
            "notification-url": "https://packagist.org/downloads/",
            "license": [
                "MIT"
            ],
            "authors": [
                {
                    "name": "PHP-FIG",
                    "homepage": "http://www.php-fig.org/"
                }
            ],
            "description": "Common Container Interface (PHP FIG PSR-11)",
            "homepage": "https://github.com/php-fig/container",
            "keywords": [
                "PSR-11",
                "container",
                "container-interface",
                "container-interop",
                "psr"
            ],
            "time": "2017-02-14T16:28:37+00:00"
        },
        {
            "name": "symfony/dependency-injection",
            "version": "v3.4.15",
            "source": {
                "type": "git",
                "url": "https://github.com/symfony/dependency-injection.git",
                "reference": "09d7df7bf06c1393b6afc85875993cbdbdf897a0"
            },
            "dist": {
                "type": "zip",
                "url": "https://api.github.com/repos/symfony/dependency-injection/zipball/09d7df7bf06c1393b6afc85875993cbdbdf897a0",
                "reference": "09d7df7bf06c1393b6afc85875993cbdbdf897a0",
                "shasum": ""
            },
            "require": {
                "php": "^5.5.9|>=7.0.8",
                "psr/container": "^1.0"
            },
            "conflict": {
                "symfony/config": "<3.3.7",
                "symfony/finder": "<3.3",
                "symfony/proxy-manager-bridge": "<3.4",
                "symfony/yaml": "<3.4"
            },
            "provide": {
                "psr/container-implementation": "1.0"
            },
            "require-dev": {
                "symfony/config": "~3.3|~4.0",
                "symfony/expression-language": "~2.8|~3.0|~4.0",
                "symfony/yaml": "~3.4|~4.0"
            },
            "suggest": {
                "symfony/config": "",
                "symfony/expression-language": "For using expressions in service container configuration",
                "symfony/finder": "For using double-star glob patterns or when GLOB_BRACE portability is required",
                "symfony/proxy-manager-bridge": "Generate service proxies to lazy load them",
                "symfony/yaml": ""
            },
            "type": "library",
            "extra": {
                "branch-alias": {
                    "dev-master": "3.4-dev"
                }
            },
            "autoload": {
                "psr-4": {
                    "Symfony\\Component\\DependencyInjection\\": ""
                },
                "exclude-from-classmap": [
                    "/Tests/"
                ]
            },
            "notification-url": "https://packagist.org/downloads/",
            "license": [
                "MIT"
            ],
            "authors": [
                {
                    "name": "Fabien Potencier",
                    "email": "fabien@symfony.com"
                },
                {
                    "name": "Symfony Community",
                    "homepage": "https://symfony.com/contributors"
                }
            ],
            "description": "Symfony DependencyInjection Component",
            "homepage": "https://symfony.com",
            "time": "2018-08-08T11:42:34+00:00"
        },
        {
            "name": "symfony/polyfill-iconv",
            "version": "v1.9.0",
            "source": {
                "type": "git",
                "url": "https://github.com/symfony/polyfill-iconv.git",
                "reference": "bcc0cd69185b8a5d8b4a5400c489ed3333bf9bb2"
            },
            "dist": {
                "type": "zip",
                "url": "https://api.github.com/repos/symfony/polyfill-iconv/zipball/bcc0cd69185b8a5d8b4a5400c489ed3333bf9bb2",
                "reference": "bcc0cd69185b8a5d8b4a5400c489ed3333bf9bb2",
                "shasum": ""
            },
            "require": {
                "php": ">=5.3.3"
            },
            "suggest": {
                "ext-iconv": "For best performance"
            },
            "type": "library",
            "extra": {
                "branch-alias": {
                    "dev-master": "1.9-dev"
                }
            },
            "autoload": {
                "psr-4": {
                    "Symfony\\Polyfill\\Iconv\\": ""
                },
                "files": [
                    "bootstrap.php"
                ]
            },
            "notification-url": "https://packagist.org/downloads/",
            "license": [
                "MIT"
            ],
            "authors": [
                {
                    "name": "Nicolas Grekas",
                    "email": "p@tchwork.com"
                },
                {
                    "name": "Symfony Community",
                    "homepage": "https://symfony.com/contributors"
                }
            ],
            "description": "Symfony polyfill for the Iconv extension",
            "homepage": "https://symfony.com",
            "keywords": [
                "compatibility",
                "iconv",
                "polyfill",
                "portable",
                "shim"
            ],
            "time": "2018-08-06T14:22:27+00:00"
        },
        {
            "name": "symfony/polyfill-mbstring",
            "version": "v1.9.0",
            "source": {
                "type": "git",
                "url": "https://github.com/symfony/polyfill-mbstring.git",
                "reference": "d0cd638f4634c16d8df4508e847f14e9e43168b8"
            },
            "dist": {
                "type": "zip",
                "url": "https://api.github.com/repos/symfony/polyfill-mbstring/zipball/d0cd638f4634c16d8df4508e847f14e9e43168b8",
                "reference": "d0cd638f4634c16d8df4508e847f14e9e43168b8",
                "shasum": ""
            },
            "require": {
                "php": ">=5.3.3"
            },
            "suggest": {
                "ext-mbstring": "For best performance"
            },
            "type": "library",
            "extra": {
                "branch-alias": {
                    "dev-master": "1.9-dev"
                }
            },
            "autoload": {
                "psr-4": {
                    "Symfony\\Polyfill\\Mbstring\\": ""
                },
                "files": [
                    "bootstrap.php"
                ]
            },
            "notification-url": "https://packagist.org/downloads/",
            "license": [
                "MIT"
            ],
            "authors": [
                {
                    "name": "Nicolas Grekas",
                    "email": "p@tchwork.com"
                },
                {
                    "name": "Symfony Community",
                    "homepage": "https://symfony.com/contributors"
                }
            ],
            "description": "Symfony polyfill for the Mbstring extension",
            "homepage": "https://symfony.com",
            "keywords": [
                "compatibility",
                "mbstring",
                "polyfill",
                "portable",
                "shim"
            ],
            "time": "2018-08-06T14:22:27+00:00"
        },
        {
            "name": "symfony/process",
            "version": "v3.4.15",
            "source": {
                "type": "git",
                "url": "https://github.com/symfony/process.git",
                "reference": "4d6b125d5293cbceedc2aa10f2c71617e76262e7"
            },
            "dist": {
                "type": "zip",
                "url": "https://api.github.com/repos/symfony/process/zipball/4d6b125d5293cbceedc2aa10f2c71617e76262e7",
                "reference": "4d6b125d5293cbceedc2aa10f2c71617e76262e7",
                "shasum": ""
            },
            "require": {
                "php": "^5.5.9|>=7.0.8"
            },
            "type": "library",
            "extra": {
                "branch-alias": {
                    "dev-master": "3.4-dev"
                }
            },
            "autoload": {
                "psr-4": {
                    "Symfony\\Component\\Process\\": ""
                },
                "exclude-from-classmap": [
                    "/Tests/"
                ]
            },
            "notification-url": "https://packagist.org/downloads/",
            "license": [
                "MIT"
            ],
            "authors": [
                {
                    "name": "Fabien Potencier",
                    "email": "fabien@symfony.com"
                },
                {
                    "name": "Symfony Community",
                    "homepage": "https://symfony.com/contributors"
                }
            ],
            "description": "Symfony Process Component",
            "homepage": "https://symfony.com",
            "time": "2018-08-03T10:42:44+00:00"
        }
    ],
    "packages-dev": [],
    "aliases": [],
    "minimum-stability": "stable",
    "stability-flags": [],
    "prefer-stable": false,
    "prefer-lowest": false,
    "platform": {
        "php": ">=5.3.0"
    },
    "platform-dev": []
}
